
Microsoft Visual Studio Solution File, Format Version 12.00
# Visual Studio 15
VisualStudioVersion = 15.0.28307.1259
MinimumVisualStudioVersion = 10.0.40219.1
Project("{FAE04EC0-301F-11D3-BF4B-00C04F79EFBC}") = "Диспетчер процессов", "Диспетчер процессов\Диспетчер процессов.csproj", "{0DB10F3D-C53D-42DD-B634-45448D9637C6}"
EndProject
Global
	GlobalSection(SolutionConfigurationPlatforms) = preSolution
		Debug|Any CPU = Debug|Any CPU
		Release|Any CPU = Release|Any CPU
	EndGlobalSection
	GlobalSection(ProjectConfigurationPlatforms) = postSolution
		{0DB10F3D-C53D-42DD-B634-45448D9637C6}.Debug|Any CPU.ActiveCfg = Debug|Any CPU
		{0DB10F3D-C53D-42DD-B634-45448D9637C6}.Debug|Any CPU.Build.0 = Debug|Any CPU
		{0DB10F3D-C53D-42DD-B634-45448D9637C6}.Release|Any CPU.ActiveCfg = Release|Any CPU
		{0DB10F3D-C53D-42DD-B634-45448D9637C6}.Release|Any CPU.Build.0 = Release|Any CPU
	EndGlobalSection
	GlobalSection(SolutionProperties) = preSolution
		HideSolutionNode = FALSE
	EndGlobalSection
	GlobalSection(ExtensibilityGlobals) = postSolution
		SolutionGuid = {5855244B-AEAF-41DA-8A9F-2856D5E8506B}
	EndGlobalSection
EndGlobal
