
Microsoft Visual Studio Solution File, Format Version 12.00
# Visual Studio 15
VisualStudioVersion = 15.0.28010.2026
MinimumVisualStudioVersion = 10.0.40219.1
Project("{8BC9CEB8-8B4A-11D0-8D11-00A0C91BC942}") = "Cursovaya_2", "Cursovaya_2\Cursovaya_2.vcxproj", "{C9830D97-5EBA-49D1-BF19-B198C65327E9}"
EndProject
Global
	GlobalSection(SolutionConfigurationPlatforms) = preSolution
		Debug|x64 = Debug|x64
		Debug|x86 = Debug|x86
		Release|x64 = Release|x64
		Release|x86 = Release|x86
	EndGlobalSection
	GlobalSection(ProjectConfigurationPlatforms) = postSolution
		{C9830D97-5EBA-49D1-BF19-B198C65327E9}.Debug|x64.ActiveCfg = Debug|x64
		{C9830D97-5EBA-49D1-BF19-B198C65327E9}.Debug|x64.Build.0 = Debug|x64
		{C9830D97-5EBA-49D1-BF19-B198C65327E9}.Debug|x86.ActiveCfg = Debug|Win32
		{C9830D97-5EBA-49D1-BF19-B198C65327E9}.Debug|x86.Build.0 = Debug|Win32
		{C9830D97-5EBA-49D1-BF19-B198C65327E9}.Release|x64.ActiveCfg = Release|x64
		{C9830D97-5EBA-49D1-BF19-B198C65327E9}.Release|x64.Build.0 = Release|x64
		{C9830D97-5EBA-49D1-BF19-B198C65327E9}.Release|x86.ActiveCfg = Release|Win32
		{C9830D97-5EBA-49D1-BF19-B198C65327E9}.Release|x86.Build.0 = Release|Win32
	EndGlobalSection
	GlobalSection(SolutionProperties) = preSolution
		HideSolutionNode = FALSE
	EndGlobalSection
	GlobalSection(ExtensibilityGlobals) = postSolution
		SolutionGuid = {8538B167-F203-4276-A61B-A5F8B65A8AC8}
	EndGlobalSection
EndGlobal
