
Microsoft Visual Studio Solution File, Format Version 12.00
# Visual Studio Version 16
VisualStudioVersion = 16.0.30709.132
MinimumVisualStudioVersion = 10.0.40219.1
Project("{FAE04EC0-301F-11D3-BF4B-00C04F79EFBC}") = "tester", "tester.csproj", "{5CE84A77-8BA9-46E1-85A5-939BD38E0362}"
EndProject
Global
	GlobalSection(SolutionConfigurationPlatforms) = preSolution
		Debug|Any CPU = Debug|Any CPU
		Release|Any CPU = Release|Any CPU
	EndGlobalSection
	GlobalSection(ProjectConfigurationPlatforms) = postSolution
		{5CE84A77-8BA9-46E1-85A5-939BD38E0362}.Debug|Any CPU.ActiveCfg = Debug|Any CPU
		{5CE84A77-8BA9-46E1-85A5-939BD38E0362}.Debug|Any CPU.Build.0 = Debug|Any CPU
		{5CE84A77-8BA9-46E1-85A5-939BD38E0362}.Release|Any CPU.ActiveCfg = Release|Any CPU
		{5CE84A77-8BA9-46E1-85A5-939BD38E0362}.Release|Any CPU.Build.0 = Release|Any CPU
	EndGlobalSection
	GlobalSection(SolutionProperties) = preSolution
		HideSolutionNode = FALSE
	EndGlobalSection
	GlobalSection(ExtensibilityGlobals) = postSolution
		SolutionGuid = {99AD0CC8-F31B-4EBB-8125-911A8E21B93B}
	EndGlobalSection
EndGlobal
