
Microsoft Visual Studio Solution File, Format Version 12.00
# Visual Studio 15
VisualStudioVersion = 15.0.28010.2026
MinimumVisualStudioVersion = 10.0.40219.1
Project("{8BC9CEB8-8B4A-11D0-8D11-00A0C91BC942}") = "Lab_tech_4.3", "Lab_tech_4.3\Lab_tech_4.3.vcxproj", "{57989839-224C-4EC7-B4D2-679F63FD8BE5}"
EndProject
Global
	GlobalSection(SolutionConfigurationPlatforms) = preSolution
		Debug|x64 = Debug|x64
		Debug|x86 = Debug|x86
		Release|x64 = Release|x64
		Release|x86 = Release|x86
	EndGlobalSection
	GlobalSection(ProjectConfigurationPlatforms) = postSolution
		{57989839-224C-4EC7-B4D2-679F63FD8BE5}.Debug|x64.ActiveCfg = Debug|x64
		{57989839-224C-4EC7-B4D2-679F63FD8BE5}.Debug|x64.Build.0 = Debug|x64
		{57989839-224C-4EC7-B4D2-679F63FD8BE5}.Debug|x86.ActiveCfg = Debug|Win32
		{57989839-224C-4EC7-B4D2-679F63FD8BE5}.Debug|x86.Build.0 = Debug|Win32
		{57989839-224C-4EC7-B4D2-679F63FD8BE5}.Release|x64.ActiveCfg = Release|x64
		{57989839-224C-4EC7-B4D2-679F63FD8BE5}.Release|x64.Build.0 = Release|x64
		{57989839-224C-4EC7-B4D2-679F63FD8BE5}.Release|x86.ActiveCfg = Release|Win32
		{57989839-224C-4EC7-B4D2-679F63FD8BE5}.Release|x86.Build.0 = Release|Win32
	EndGlobalSection
	GlobalSection(SolutionProperties) = preSolution
		HideSolutionNode = FALSE
	EndGlobalSection
	GlobalSection(ExtensibilityGlobals) = postSolution
		SolutionGuid = {DD885F1B-2411-4B6C-B3E4-0E8D4F7B6CF1}
	EndGlobalSection
EndGlobal
